
Microsoft Visual Studio Solution File, Format Version 12.00
# Visual Studio Version 16
VisualStudioVersion = 16.0.32929.386
MinimumVisualStudioVersion = 10.0.40219.1
Project("{FAE04EC0-301F-11D3-BF4B-00C04F79EFBC}") = "ASP-API", "ASP-API\ASP-API.csproj", "{DE106DEE-E1BA-4DC1-AA55-9C76943CE7BF}"
EndProject
Global
	GlobalSection(SolutionConfigurationPlatforms) = preSolution
		Debug|Any CPU = Debug|Any CPU
		Release|Any CPU = Release|Any CPU
	EndGlobalSection
	GlobalSection(ProjectConfigurationPlatforms) = postSolution
		{DE106DEE-E1BA-4DC1-AA55-9C76943CE7BF}.Debug|Any CPU.ActiveCfg = Debug|Any CPU
		{DE106DEE-E1BA-4DC1-AA55-9C76943CE7BF}.Debug|Any CPU.Build.0 = Debug|Any CPU
		{DE106DEE-E1BA-4DC1-AA55-9C76943CE7BF}.Release|Any CPU.ActiveCfg = Release|Any CPU
		{DE106DEE-E1BA-4DC1-AA55-9C76943CE7BF}.Release|Any CPU.Build.0 = Release|Any CPU
	EndGlobalSection
	GlobalSection(SolutionProperties) = preSolution
		HideSolutionNode = FALSE
	EndGlobalSection
	GlobalSection(ExtensibilityGlobals) = postSolution
		SolutionGuid = {F2652D62-E14B-4659-9901-99FAF9979A0A}
	EndGlobalSection
EndGlobal
